<?xml version="1.0" encoding="utf-8"?>
<Project ToolsVersion="4.0" xmlns="http://schemas.microsoft.com/developer/msbuild/2003">
  <ItemGroup>
    <Filter Include="headers">
      <UniqueIdentifier>{4f42f651-f204-4a03-ad8e-6463c477793b}</UniqueIdentifier>
    </Filter>
    <Filter Include="headers\wgi">
      <UniqueIdentifier>{ec1360d7-6859-40a9-b907-9af0e76ff39a}</UniqueIdentifier>
    </Filter>
    <Filter Include="headers\wgi\vulkan">
      <UniqueIdentifier>{46b5627c-18ef-4662-959e-9b41b30d9c41}</UniqueIdentifier>
    </Filter>
  </ItemGroup>
  <ItemGroup>
    <ClInclude Include="include\pigeon\asset.h">
      <Filter>headers</Filter>
    </ClInclude>
    <ClInclude Include="include\pigeon\pigeon.h">
      <Filter>headers</Filter>
    </ClInclude>
    <ClInclude Include="include\pigeon\util.h">
      <Filter>headers</Filter>
    </ClInclude>
    <ClInclude Include="include\pigeon\wgi\image_formats.h">
      <Filter>headers\wgi</Filter>
    </ClInclude>
    <ClInclude Include="include\pigeon\wgi\input.h">
      <Filter>headers\wgi</Filter>
    </ClInclude>
    <ClInclude Include="include\pigeon\wgi\keys.h">
      <Filter>headers\wgi</Filter>
    </ClInclude>
    <ClInclude Include="include\pigeon\wgi\material.h">
      <Filter>headers\wgi</Filter>
    </ClInclude>
    <ClInclude Include="include\pigeon\wgi\mesh.h">
      <Filter>headers\wgi</Filter>
    </ClInclude>
    <ClInclude Include="include\pigeon\wgi\pipeline.h">
      <Filter>headers\wgi</Filter>
    </ClInclude>
    <ClInclude Include="include\pigeon\wgi\textures.h">
      <Filter>headers\wgi</Filter>
    </ClInclude>
    <ClInclude Include="include\pigeon\wgi\uniform.h">
      <Filter>headers\wgi</Filter>
    </ClInclude>
    <ClInclude Include="include\pigeon\wgi\wgi.h">
      <Filter>headers\wgi</Filter>
    </ClInclude>
    <ClInclude Include="include\pigeon\wgi\window.h">
      <Filter>headers\wgi</Filter>
    </ClInclude>
    <ClInclude Include="include\pigeon\wgi\vulkan\buffer.h">
      <Filter>headers\wgi\vulkan</Filter>
    </ClInclude>
    <ClInclude Include="include\pigeon\wgi\vulkan\command.h">
      <Filter>headers\wgi\vulkan</Filter>
    </ClInclude>
    <ClInclude Include="include\pigeon\wgi\vulkan\descriptor.h">
      <Filter>headers\wgi\vulkan</Filter>
    </ClInclude>
    <ClInclude Include="include\pigeon\wgi\vulkan\fence.h">
      <Filter>headers\wgi\vulkan</Filter>
    </ClInclude>
    <ClInclude Include="include\pigeon\wgi\vulkan\framebuffer.h">
      <Filter>headers\wgi\vulkan</Filter>
    </ClInclude>
    <ClInclude Include="include\pigeon\wgi\vulkan\image.h">
      <Filter>headers\wgi\vulkan</Filter>
    </ClInclude>
    <ClInclude Include="include\pigeon\wgi\vulkan\memory.h">
      <Filter>headers\wgi\vulkan</Filter>
    </ClInclude>
    <ClInclude Include="include\pigeon\wgi\vulkan\pipeline.h">
      <Filter>headers\wgi\vulkan</Filter>
    </ClInclude>
    <ClInclude Include="include\pigeon\wgi\vulkan\renderpass.h">
      <Filter>headers\wgi\vulkan</Filter>
    </ClInclude>
    <ClInclude Include="include\pigeon\wgi\vulkan\sampler.h">
      <Filter>headers\wgi\vulkan</Filter>
    </ClInclude>
    <ClInclude Include="include\pigeon\wgi\vulkan\semaphore.h">
      <Filter>headers\wgi\vulkan</Filter>
    </ClInclude>
    <ClInclude Include="include\pigeon\wgi\vulkan\swapchain.h">
      <Filter>headers\wgi\vulkan</Filter>
    </ClInclude>
    <ClInclude Include="include\pigeon\wgi\vulkan\vulkan.h">
      <Filter>headers\wgi\vulkan</Filter>
    </ClInclude>
    <ClInclude Include="src\wgi\singleton.h" />
    <ClInclude Include="src\wgi\vulkan\singleton.h" />
  </ItemGroup>
  <ItemGroup>
    <ClCompile Include="src\asset.c" />
    <ClCompile Include="src\pigeon.c" />
    <ClCompile Include="src\util.c" />
    <ClCompile Include="src\wgi\framebuffers.c" />
    <ClCompile Include="src\wgi\mesh.c" />
    <ClCompile Include="src\wgi\pipeline.c" />
    <ClCompile Include="src\wgi\render.c" />
    <ClCompile Include="src\wgi\texturegrids.c" />
    <ClCompile Include="src\wgi\textures.c" />
    <ClCompile Include="src\wgi\wgi.c" />
    <ClCompile Include="src\wgi\window.c" />
    <ClCompile Include="src\wgi\vulkan\vkbuffer.c" />
    <ClCompile Include="src\wgi\vulkan\vkcommand.c" />
    <ClCompile Include="src\wgi\vulkan\vkdescriptor.c" />
    <ClCompile Include="src\wgi\vulkan\vkfence.c" />
    <ClCompile Include="src\wgi\vulkan\vkframebuffer.c" />
    <ClCompile Include="src\wgi\vulkan\vkimage.c" />
    <ClCompile Include="src\wgi\vulkan\vkmemory.c" />
    <ClCompile Include="src\wgi\vulkan\vkphysdevice.c" />
    <ClCompile Include="src\wgi\vulkan\vkpipeline.c" />
    <ClCompile Include="src\wgi\vulkan\vkquery.c" />
    <ClCompile Include="src\wgi\vulkan\vkqueue.c" />
    <ClCompile Include="src\wgi\vulkan\vkrenderpass.c" />
    <ClCompile Include="src\wgi\vulkan\vksampler.c" />
    <ClCompile Include="src\wgi\vulkan\vksemaphore.c" />
    <ClCompile Include="src\wgi\vulkan\vkswapchain.c" />
    <ClCompile Include="src\wgi\vulkan\vulkan.c" />
  </ItemGroup>
</Project>